
Microsoft Visual Studio Solution File, Format Version 12.00
# Visual Studio Version 16
VisualStudioVersion = 16.0.32630.194
MinimumVisualStudioVersion = 10.0.40219.1
Project("{FAE04EC0-301F-11D3-BF4B-00C04F79EFBC}") = "WindowsFormsApp1", "WindowsFormsApp1\WindowsFormsApp1.csproj", "{9A5DF386-F7C9-4941-B5D3-CC7AAD4109FD}"
EndProject
Global
	GlobalSection(SolutionConfigurationPlatforms) = preSolution
		Debug|Any CPU = Debug|Any CPU
		Release|Any CPU = Release|Any CPU
	EndGlobalSection
	GlobalSection(ProjectConfigurationPlatforms) = postSolution
		{9A5DF386-F7C9-4941-B5D3-CC7AAD4109FD}.Debug|Any CPU.ActiveCfg = Debug|Any CPU
		{9A5DF386-F7C9-4941-B5D3-CC7AAD4109FD}.Debug|Any CPU.Build.0 = Debug|Any CPU
		{9A5DF386-F7C9-4941-B5D3-CC7AAD4109FD}.Release|Any CPU.ActiveCfg = Release|Any CPU
		{9A5DF386-F7C9-4941-B5D3-CC7AAD4109FD}.Release|Any CPU.Build.0 = Release|Any CPU
	EndGlobalSection
	GlobalSection(SolutionProperties) = preSolution
		HideSolutionNode = FALSE
	EndGlobalSection
	GlobalSection(ExtensibilityGlobals) = postSolution
		SolutionGuid = {786554F1-B6BC-4CE4-B7E2-C86E605021A6}
	EndGlobalSection
EndGlobal
