
Microsoft Visual Studio Solution File, Format Version 10.00
# Visual C# Express 2008
Project("{FAE04EC0-301F-11D3-BF4B-00C04F79EFBC}") = "LINQ_5", "LINQ_5\LINQ_5.csproj", "{0BC07B1A-C54B-4263-9C1F-EB8779E82F5D}"
EndProject
Global
	GlobalSection(SolutionConfigurationPlatforms) = preSolution
		Debug|Any CPU = Debug|Any CPU
		Release|Any CPU = Release|Any CPU
	EndGlobalSection
	GlobalSection(ProjectConfigurationPlatforms) = postSolution
		{0BC07B1A-C54B-4263-9C1F-EB8779E82F5D}.Debug|Any CPU.ActiveCfg = Debug|Any CPU
		{0BC07B1A-C54B-4263-9C1F-EB8779E82F5D}.Debug|Any CPU.Build.0 = Debug|Any CPU
		{0BC07B1A-C54B-4263-9C1F-EB8779E82F5D}.Release|Any CPU.ActiveCfg = Release|Any CPU
		{0BC07B1A-C54B-4263-9C1F-EB8779E82F5D}.Release|Any CPU.Build.0 = Release|Any CPU
	EndGlobalSection
	GlobalSection(SolutionProperties) = preSolution
		HideSolutionNode = FALSE
	EndGlobalSection
EndGlobal
