
Microsoft Visual Studio Solution File, Format Version 12.00
# Visual Studio Version 16
VisualStudioVersion = 16.0.31205.134
MinimumVisualStudioVersion = 10.0.40219.1
Project("{FAE04EC0-301F-11D3-BF4B-00C04F79EFBC}") = "Ряд_кружков", "Ряд_кружков.csproj", "{6FA818A6-9E9A-4AC3-AE3E-E54EA6847DAD}"
EndProject
Global
	GlobalSection(SolutionConfigurationPlatforms) = preSolution
		Debug|Any CPU = Debug|Any CPU
		Release|Any CPU = Release|Any CPU
	EndGlobalSection
	GlobalSection(ProjectConfigurationPlatforms) = postSolution
		{6FA818A6-9E9A-4AC3-AE3E-E54EA6847DAD}.Debug|Any CPU.ActiveCfg = Debug|Any CPU
		{6FA818A6-9E9A-4AC3-AE3E-E54EA6847DAD}.Debug|Any CPU.Build.0 = Debug|Any CPU
		{6FA818A6-9E9A-4AC3-AE3E-E54EA6847DAD}.Release|Any CPU.ActiveCfg = Release|Any CPU
		{6FA818A6-9E9A-4AC3-AE3E-E54EA6847DAD}.Release|Any CPU.Build.0 = Release|Any CPU
	EndGlobalSection
	GlobalSection(SolutionProperties) = preSolution
		HideSolutionNode = FALSE
	EndGlobalSection
	GlobalSection(ExtensibilityGlobals) = postSolution
		SolutionGuid = {4701956E-12C1-4761-BC89-B265E2F3A735}
	EndGlobalSection
EndGlobal
