
Microsoft Visual Studio Solution File, Format Version 12.00
# Visual Studio Version 17
VisualStudioVersion = 17.14.36203.30 d17.14
MinimumVisualStudioVersion = 10.0.40219.1
Project("{FAE04EC0-301F-11D3-BF4B-00C04F79EFBC}") = "OurDecorApplication", "OurDecorApplication\OurDecorApplication.csproj", "{17E306C2-7896-408D-9622-0693B97C8652}"
EndProject
Global
	GlobalSection(SolutionConfigurationPlatforms) = preSolution
		Debug|Any CPU = Debug|Any CPU
		Release|Any CPU = Release|Any CPU
	EndGlobalSection
	GlobalSection(ProjectConfigurationPlatforms) = postSolution
		{17E306C2-7896-408D-9622-0693B97C8652}.Debug|Any CPU.ActiveCfg = Debug|Any CPU
		{17E306C2-7896-408D-9622-0693B97C8652}.Debug|Any CPU.Build.0 = Debug|Any CPU
		{17E306C2-7896-408D-9622-0693B97C8652}.Release|Any CPU.ActiveCfg = Release|Any CPU
		{17E306C2-7896-408D-9622-0693B97C8652}.Release|Any CPU.Build.0 = Release|Any CPU
	EndGlobalSection
	GlobalSection(SolutionProperties) = preSolution
		HideSolutionNode = FALSE
	EndGlobalSection
	GlobalSection(ExtensibilityGlobals) = postSolution
		SolutionGuid = {404EB194-97FD-43E6-AA26-EA78E22A10C7}
	EndGlobalSection
EndGlobal
