
Microsoft Visual Studio Solution File, Format Version 12.00
# Visual Studio Version 17
VisualStudioVersion = 17.6.33815.320
MinimumVisualStudioVersion = 10.0.40219.1
Project("{FAE04EC0-301F-11D3-BF4B-00C04F79EFBC}") = "RobotMoveSW", "Robot\RobotMoveSW.csproj", "{0042A0AC-749E-47F5-9961-FE0372ADF176}"
EndProject
Global
	GlobalSection(SolutionConfigurationPlatforms) = preSolution
		Debug|Any CPU = Debug|Any CPU
		Release|Any CPU = Release|Any CPU
	EndGlobalSection
	GlobalSection(ProjectConfigurationPlatforms) = postSolution
		{0042A0AC-749E-47F5-9961-FE0372ADF176}.Debug|Any CPU.ActiveCfg = Debug|Any CPU
		{0042A0AC-749E-47F5-9961-FE0372ADF176}.Debug|Any CPU.Build.0 = Debug|Any CPU
		{0042A0AC-749E-47F5-9961-FE0372ADF176}.Release|Any CPU.ActiveCfg = Release|Any CPU
		{0042A0AC-749E-47F5-9961-FE0372ADF176}.Release|Any CPU.Build.0 = Release|Any CPU
	EndGlobalSection
	GlobalSection(SolutionProperties) = preSolution
		HideSolutionNode = FALSE
	EndGlobalSection
	GlobalSection(ExtensibilityGlobals) = postSolution
		SolutionGuid = {61467ECD-D631-4E31-9EC7-FD2258357944}
	EndGlobalSection
EndGlobal
