
Microsoft Visual Studio Solution File, Format Version 10.00
# Visual C# Express 2008
Project("{FAE04EC0-301F-11D3-BF4B-00C04F79EFBC}") = "LINQ_4", "LINQ_4\LINQ_4.csproj", "{97F7D97D-A3FC-4760-8AB8-F997A28D17EF}"
EndProject
Global
	GlobalSection(SolutionConfigurationPlatforms) = preSolution
		Debug|Any CPU = Debug|Any CPU
		Release|Any CPU = Release|Any CPU
	EndGlobalSection
	GlobalSection(ProjectConfigurationPlatforms) = postSolution
		{97F7D97D-A3FC-4760-8AB8-F997A28D17EF}.Debug|Any CPU.ActiveCfg = Debug|Any CPU
		{97F7D97D-A3FC-4760-8AB8-F997A28D17EF}.Debug|Any CPU.Build.0 = Debug|Any CPU
		{97F7D97D-A3FC-4760-8AB8-F997A28D17EF}.Release|Any CPU.ActiveCfg = Release|Any CPU
		{97F7D97D-A3FC-4760-8AB8-F997A28D17EF}.Release|Any CPU.Build.0 = Release|Any CPU
	EndGlobalSection
	GlobalSection(SolutionProperties) = preSolution
		HideSolutionNode = FALSE
	EndGlobalSection
EndGlobal
