
Microsoft Visual Studio Solution File, Format Version 12.00
# Visual Studio Version 16
VisualStudioVersion = 16.0.32630.194
MinimumVisualStudioVersion = 10.0.40219.1
Project("{FAE04EC0-301F-11D3-BF4B-00C04F79EFBC}") = "WindowsFormsApp1", "WindowsFormsApp1\WindowsFormsApp1.csproj", "{339B0BBD-54EF-442E-A776-AE1096CF983F}"
EndProject
Global
	GlobalSection(SolutionConfigurationPlatforms) = preSolution
		Debug|Any CPU = Debug|Any CPU
		Release|Any CPU = Release|Any CPU
	EndGlobalSection
	GlobalSection(ProjectConfigurationPlatforms) = postSolution
		{339B0BBD-54EF-442E-A776-AE1096CF983F}.Debug|Any CPU.ActiveCfg = Debug|Any CPU
		{339B0BBD-54EF-442E-A776-AE1096CF983F}.Debug|Any CPU.Build.0 = Debug|Any CPU
		{339B0BBD-54EF-442E-A776-AE1096CF983F}.Release|Any CPU.ActiveCfg = Release|Any CPU
		{339B0BBD-54EF-442E-A776-AE1096CF983F}.Release|Any CPU.Build.0 = Release|Any CPU
	EndGlobalSection
	GlobalSection(SolutionProperties) = preSolution
		HideSolutionNode = FALSE
	EndGlobalSection
	GlobalSection(ExtensibilityGlobals) = postSolution
		SolutionGuid = {73F5145D-85D2-42BD-97FD-19A40CD6BA79}
	EndGlobalSection
EndGlobal
