
Microsoft Visual Studio Solution File, Format Version 12.00
# Visual Studio Version 17
VisualStudioVersion = 17.4.33213.308
MinimumVisualStudioVersion = 10.0.40219.1
Project("{FAE04EC0-301F-11D3-BF4B-00C04F79EFBC}") = "WindowsFormsApp1", "WindowsFormsApp1\WindowsFormsApp1.csproj", "{4C673861-ABAF-41E1-B20A-30C12F4893FF}"
EndProject
Global
	GlobalSection(SolutionConfigurationPlatforms) = preSolution
		Debug|Any CPU = Debug|Any CPU
		Release|Any CPU = Release|Any CPU
	EndGlobalSection
	GlobalSection(ProjectConfigurationPlatforms) = postSolution
		{4C673861-ABAF-41E1-B20A-30C12F4893FF}.Debug|Any CPU.ActiveCfg = Debug|Any CPU
		{4C673861-ABAF-41E1-B20A-30C12F4893FF}.Debug|Any CPU.Build.0 = Debug|Any CPU
		{4C673861-ABAF-41E1-B20A-30C12F4893FF}.Release|Any CPU.ActiveCfg = Release|Any CPU
		{4C673861-ABAF-41E1-B20A-30C12F4893FF}.Release|Any CPU.Build.0 = Release|Any CPU
	EndGlobalSection
	GlobalSection(SolutionProperties) = preSolution
		HideSolutionNode = FALSE
	EndGlobalSection
	GlobalSection(ExtensibilityGlobals) = postSolution
		SolutionGuid = {813EF997-E4EB-4CCD-A053-4EB2FF81E990}
	EndGlobalSection
EndGlobal
