
Microsoft Visual Studio Solution File, Format Version 12.00
# Visual Studio Version 17
VisualStudioVersion = 17.6.33815.320
MinimumVisualStudioVersion = 10.0.40219.1
Project("{FAE04EC0-301F-11D3-BF4B-00C04F79EFBC}") = "Раздел 3 и 4  WPF", "Раздел 3 и 4  WPF\Раздел 3 и 4  WPF.csproj", "{42E040D8-E71D-43DF-9D7C-F7B06BB50029}"
EndProject
Global
	GlobalSection(SolutionConfigurationPlatforms) = preSolution
		Debug|Any CPU = Debug|Any CPU
		Release|Any CPU = Release|Any CPU
	EndGlobalSection
	GlobalSection(ProjectConfigurationPlatforms) = postSolution
		{42E040D8-E71D-43DF-9D7C-F7B06BB50029}.Debug|Any CPU.ActiveCfg = Debug|Any CPU
		{42E040D8-E71D-43DF-9D7C-F7B06BB50029}.Debug|Any CPU.Build.0 = Debug|Any CPU
		{42E040D8-E71D-43DF-9D7C-F7B06BB50029}.Release|Any CPU.ActiveCfg = Release|Any CPU
		{42E040D8-E71D-43DF-9D7C-F7B06BB50029}.Release|Any CPU.Build.0 = Release|Any CPU
	EndGlobalSection
	GlobalSection(SolutionProperties) = preSolution
		HideSolutionNode = FALSE
	EndGlobalSection
	GlobalSection(ExtensibilityGlobals) = postSolution
		SolutionGuid = {06EC2456-880E-48F1-A219-18D063F715C0}
	EndGlobalSection
EndGlobal
