
Microsoft Visual Studio Solution File, Format Version 10.00
# Visual C# Express 2008
Project("{FAE04EC0-301F-11D3-BF4B-00C04F79EFBC}") = "dblPic", "dblPic\dblPic.csproj", "{EEB8E0B4-4A50-4A5C-83DF-AA0EBB8E3E5A}"
EndProject
Global
	GlobalSection(SolutionConfigurationPlatforms) = preSolution
		Debug|Any CPU = Debug|Any CPU
		Release|Any CPU = Release|Any CPU
	EndGlobalSection
	GlobalSection(ProjectConfigurationPlatforms) = postSolution
		{EEB8E0B4-4A50-4A5C-83DF-AA0EBB8E3E5A}.Debug|Any CPU.ActiveCfg = Debug|Any CPU
		{EEB8E0B4-4A50-4A5C-83DF-AA0EBB8E3E5A}.Debug|Any CPU.Build.0 = Debug|Any CPU
		{EEB8E0B4-4A50-4A5C-83DF-AA0EBB8E3E5A}.Release|Any CPU.ActiveCfg = Release|Any CPU
		{EEB8E0B4-4A50-4A5C-83DF-AA0EBB8E3E5A}.Release|Any CPU.Build.0 = Release|Any CPU
	EndGlobalSection
	GlobalSection(SolutionProperties) = preSolution
		HideSolutionNode = FALSE
	EndGlobalSection
EndGlobal
