
Microsoft Visual Studio Solution File, Format Version 10.00
# Visual C# Express 2008
Project("{FAE04EC0-301F-11D3-BF4B-00C04F79EFBC}") = "AlarmClock", "AlarmClock\AlarmClock.csproj", "{6576E851-5713-4B80-9E94-1E8D426F6F0B}"
EndProject
Global
	GlobalSection(SolutionConfigurationPlatforms) = preSolution
		Debug|Any CPU = Debug|Any CPU
		Release|Any CPU = Release|Any CPU
	EndGlobalSection
	GlobalSection(ProjectConfigurationPlatforms) = postSolution
		{6576E851-5713-4B80-9E94-1E8D426F6F0B}.Debug|Any CPU.ActiveCfg = Debug|Any CPU
		{6576E851-5713-4B80-9E94-1E8D426F6F0B}.Debug|Any CPU.Build.0 = Debug|Any CPU
		{6576E851-5713-4B80-9E94-1E8D426F6F0B}.Release|Any CPU.ActiveCfg = Release|Any CPU
		{6576E851-5713-4B80-9E94-1E8D426F6F0B}.Release|Any CPU.Build.0 = Release|Any CPU
	EndGlobalSection
	GlobalSection(SolutionProperties) = preSolution
		HideSolutionNode = FALSE
	EndGlobalSection
EndGlobal
