
Microsoft Visual Studio Solution File, Format Version 12.00
# Visual Studio Version 17
VisualStudioVersion = 17.6.33815.320
MinimumVisualStudioVersion = 10.0.40219.1
Project("{FAE04EC0-301F-11D3-BF4B-00C04F79EFBC}") = "Biblio", "Biblio\Biblio.csproj", "{0D565EED-7CBA-4266-A137-E6C90323EBB5}"
EndProject
Global
	GlobalSection(SolutionConfigurationPlatforms) = preSolution
		Debug|Any CPU = Debug|Any CPU
		Release|Any CPU = Release|Any CPU
	EndGlobalSection
	GlobalSection(ProjectConfigurationPlatforms) = postSolution
		{0D565EED-7CBA-4266-A137-E6C90323EBB5}.Debug|Any CPU.ActiveCfg = Debug|Any CPU
		{0D565EED-7CBA-4266-A137-E6C90323EBB5}.Debug|Any CPU.Build.0 = Debug|Any CPU
		{0D565EED-7CBA-4266-A137-E6C90323EBB5}.Release|Any CPU.ActiveCfg = Release|Any CPU
		{0D565EED-7CBA-4266-A137-E6C90323EBB5}.Release|Any CPU.Build.0 = Release|Any CPU
	EndGlobalSection
	GlobalSection(SolutionProperties) = preSolution
		HideSolutionNode = FALSE
	EndGlobalSection
	GlobalSection(ExtensibilityGlobals) = postSolution
		SolutionGuid = {4C114400-E894-426F-A554-6A456A7206DB}
	EndGlobalSection
EndGlobal
