
Microsoft Visual Studio Solution File, Format Version 10.00
# Visual C# Express 2008
Project("{FAE04EC0-301F-11D3-BF4B-00C04F79EFBC}") = "ImageViewer_1", "ImageViewer_1\ImageViewer_1.csproj", "{ADA5837E-AD48-42CC-871F-0C48605CD835}"
EndProject
Global
	GlobalSection(SolutionConfigurationPlatforms) = preSolution
		Debug|Any CPU = Debug|Any CPU
		Release|Any CPU = Release|Any CPU
	EndGlobalSection
	GlobalSection(ProjectConfigurationPlatforms) = postSolution
		{ADA5837E-AD48-42CC-871F-0C48605CD835}.Debug|Any CPU.ActiveCfg = Debug|Any CPU
		{ADA5837E-AD48-42CC-871F-0C48605CD835}.Debug|Any CPU.Build.0 = Debug|Any CPU
		{ADA5837E-AD48-42CC-871F-0C48605CD835}.Release|Any CPU.ActiveCfg = Release|Any CPU
		{ADA5837E-AD48-42CC-871F-0C48605CD835}.Release|Any CPU.Build.0 = Release|Any CPU
	EndGlobalSection
	GlobalSection(SolutionProperties) = preSolution
		HideSolutionNode = FALSE
	EndGlobalSection
EndGlobal
