
Microsoft Visual Studio Solution File, Format Version 12.00
# Visual Studio Version 17
VisualStudioVersion = 17.11.35303.130
MinimumVisualStudioVersion = 10.0.40219.1
Project("{FAE04EC0-301F-11D3-BF4B-00C04F79EFBC}") = "FactoryMethod_TaskOne", "FactoryMethod\FactoryMethod_TaskOne.csproj", "{B8CA1F4E-3EAE-496B-98E9-D13D0148BEF6}"
EndProject
Project("{FAE04EC0-301F-11D3-BF4B-00C04F79EFBC}") = "FactoryMethod_TaskTwo", "FactoryMethod_TaskTwo\FactoryMethod_TaskTwo.csproj", "{7B4EC045-8240-42FE-BC50-8BD5194CDA7A}"
EndProject
Project("{FAE04EC0-301F-11D3-BF4B-00C04F79EFBC}") = "FactoryMethod_TaskThree", "FactoryMethod_TaskThree\FactoryMethod_TaskThree.csproj", "{17923C30-914F-4F88-8AE5-18806DFE1ACE}"
EndProject
Global
	GlobalSection(SolutionConfigurationPlatforms) = preSolution
		Debug|Any CPU = Debug|Any CPU
		Release|Any CPU = Release|Any CPU
	EndGlobalSection
	GlobalSection(ProjectConfigurationPlatforms) = postSolution
		{B8CA1F4E-3EAE-496B-98E9-D13D0148BEF6}.Debug|Any CPU.ActiveCfg = Debug|Any CPU
		{B8CA1F4E-3EAE-496B-98E9-D13D0148BEF6}.Debug|Any CPU.Build.0 = Debug|Any CPU
		{B8CA1F4E-3EAE-496B-98E9-D13D0148BEF6}.Release|Any CPU.ActiveCfg = Release|Any CPU
		{B8CA1F4E-3EAE-496B-98E9-D13D0148BEF6}.Release|Any CPU.Build.0 = Release|Any CPU
		{7B4EC045-8240-42FE-BC50-8BD5194CDA7A}.Debug|Any CPU.ActiveCfg = Debug|Any CPU
		{7B4EC045-8240-42FE-BC50-8BD5194CDA7A}.Debug|Any CPU.Build.0 = Debug|Any CPU
		{7B4EC045-8240-42FE-BC50-8BD5194CDA7A}.Release|Any CPU.ActiveCfg = Release|Any CPU
		{7B4EC045-8240-42FE-BC50-8BD5194CDA7A}.Release|Any CPU.Build.0 = Release|Any CPU
		{17923C30-914F-4F88-8AE5-18806DFE1ACE}.Debug|Any CPU.ActiveCfg = Debug|Any CPU
		{17923C30-914F-4F88-8AE5-18806DFE1ACE}.Debug|Any CPU.Build.0 = Debug|Any CPU
		{17923C30-914F-4F88-8AE5-18806DFE1ACE}.Release|Any CPU.ActiveCfg = Release|Any CPU
		{17923C30-914F-4F88-8AE5-18806DFE1ACE}.Release|Any CPU.Build.0 = Release|Any CPU
	EndGlobalSection
	GlobalSection(SolutionProperties) = preSolution
		HideSolutionNode = FALSE
	EndGlobalSection
	GlobalSection(ExtensibilityGlobals) = postSolution
		SolutionGuid = {7FD56859-B65B-4908-B915-5E10DAC01598}
	EndGlobalSection
EndGlobal
