
Microsoft Visual Studio Solution File, Format Version 12.00
# Visual Studio Version 17
VisualStudioVersion = 17.6.33815.320
MinimumVisualStudioVersion = 10.0.40219.1
Project("{FAE04EC0-301F-11D3-BF4B-00C04F79EFBC}") = "Wpfcalculator", "Wpfcalculator\Wpfcalculator.csproj", "{2684F0C8-6B5E-4873-A113-DDA252993955}"
EndProject
Global
	GlobalSection(SolutionConfigurationPlatforms) = preSolution
		Debug|Any CPU = Debug|Any CPU
		Release|Any CPU = Release|Any CPU
	EndGlobalSection
	GlobalSection(ProjectConfigurationPlatforms) = postSolution
		{2684F0C8-6B5E-4873-A113-DDA252993955}.Debug|Any CPU.ActiveCfg = Debug|Any CPU
		{2684F0C8-6B5E-4873-A113-DDA252993955}.Debug|Any CPU.Build.0 = Debug|Any CPU
		{2684F0C8-6B5E-4873-A113-DDA252993955}.Release|Any CPU.ActiveCfg = Release|Any CPU
		{2684F0C8-6B5E-4873-A113-DDA252993955}.Release|Any CPU.Build.0 = Release|Any CPU
	EndGlobalSection
	GlobalSection(SolutionProperties) = preSolution
		HideSolutionNode = FALSE
	EndGlobalSection
	GlobalSection(ExtensibilityGlobals) = postSolution
		SolutionGuid = {2E8E5FC0-82DD-4CD9-8C0B-D359A28A01BA}
	EndGlobalSection
EndGlobal
