
Microsoft Visual Studio Solution File, Format Version 12.00
# Visual Studio Version 17
VisualStudioVersion = 17.6.33815.320
MinimumVisualStudioVersion = 10.0.40219.1
Project("{FAE04EC0-301F-11D3-BF4B-00C04F79EFBC}") = "1_class", "1_class\1_class.csproj", "{96DE31A1-43E1-4A1F-8C86-1BF3F6F4FF14}"
EndProject
Project("{2150E333-8FDC-42A3-9474-1A3956D46DE8}") = "Элементы решения", "Элементы решения", "{38A81C11-8DF3-4597-AC3B-72E09045A1DC}"
	ProjectSection(SolutionItems) = preProject
		file.txt = file.txt
	EndProjectSection
EndProject
Global
	GlobalSection(SolutionConfigurationPlatforms) = preSolution
		Debug|Any CPU = Debug|Any CPU
		Release|Any CPU = Release|Any CPU
	EndGlobalSection
	GlobalSection(ProjectConfigurationPlatforms) = postSolution
		{96DE31A1-43E1-4A1F-8C86-1BF3F6F4FF14}.Debug|Any CPU.ActiveCfg = Debug|Any CPU
		{96DE31A1-43E1-4A1F-8C86-1BF3F6F4FF14}.Debug|Any CPU.Build.0 = Debug|Any CPU
		{96DE31A1-43E1-4A1F-8C86-1BF3F6F4FF14}.Release|Any CPU.ActiveCfg = Release|Any CPU
		{96DE31A1-43E1-4A1F-8C86-1BF3F6F4FF14}.Release|Any CPU.Build.0 = Release|Any CPU
	EndGlobalSection
	GlobalSection(SolutionProperties) = preSolution
		HideSolutionNode = FALSE
	EndGlobalSection
	GlobalSection(ExtensibilityGlobals) = postSolution
		SolutionGuid = {7AAB2A7B-2603-48C6-A50B-967772AC57AB}
	EndGlobalSection
EndGlobal
