
Microsoft Visual Studio Solution File, Format Version 12.00
# Visual Studio Version 17
VisualStudioVersion = 17.11.35303.130
MinimumVisualStudioVersion = 10.0.40219.1
Project("{FAE04EC0-301F-11D3-BF4B-00C04F79EFBC}") = "AbstractFactory_TaskOne", "AbstractFactory\AbstractFactory_TaskOne.csproj", "{A75F8500-A83C-4C89-9566-A67F09211C30}"
EndProject
Project("{FAE04EC0-301F-11D3-BF4B-00C04F79EFBC}") = "AbstractFactory_TaskTwo", "AbstractFactory_TaskTwo\AbstractFactory_TaskTwo.csproj", "{0BFF0A19-72FE-4308-924D-A4D14DB5D20C}"
EndProject
Global
	GlobalSection(SolutionConfigurationPlatforms) = preSolution
		Debug|Any CPU = Debug|Any CPU
		Release|Any CPU = Release|Any CPU
	EndGlobalSection
	GlobalSection(ProjectConfigurationPlatforms) = postSolution
		{A75F8500-A83C-4C89-9566-A67F09211C30}.Debug|Any CPU.ActiveCfg = Debug|Any CPU
		{A75F8500-A83C-4C89-9566-A67F09211C30}.Debug|Any CPU.Build.0 = Debug|Any CPU
		{A75F8500-A83C-4C89-9566-A67F09211C30}.Release|Any CPU.ActiveCfg = Release|Any CPU
		{A75F8500-A83C-4C89-9566-A67F09211C30}.Release|Any CPU.Build.0 = Release|Any CPU
		{0BFF0A19-72FE-4308-924D-A4D14DB5D20C}.Debug|Any CPU.ActiveCfg = Debug|Any CPU
		{0BFF0A19-72FE-4308-924D-A4D14DB5D20C}.Debug|Any CPU.Build.0 = Debug|Any CPU
		{0BFF0A19-72FE-4308-924D-A4D14DB5D20C}.Release|Any CPU.ActiveCfg = Release|Any CPU
		{0BFF0A19-72FE-4308-924D-A4D14DB5D20C}.Release|Any CPU.Build.0 = Release|Any CPU
	EndGlobalSection
	GlobalSection(SolutionProperties) = preSolution
		HideSolutionNode = FALSE
	EndGlobalSection
	GlobalSection(ExtensibilityGlobals) = postSolution
		SolutionGuid = {ECC7534F-0180-4AE6-897B-941A157F7EAC}
	EndGlobalSection
EndGlobal
