
Microsoft Visual Studio Solution File, Format Version 12.00
# Visual Studio Version 17
VisualStudioVersion = 17.6.33815.320
MinimumVisualStudioVersion = 10.0.40219.1
Project("{FAE04EC0-301F-11D3-BF4B-00C04F79EFBC}") = "2", "2\2.csproj", "{6046FC33-B515-43A6-BB7F-5CE8BB612FD9}"
EndProject
Project("{FAE04EC0-301F-11D3-BF4B-00C04F79EFBC}") = "1", "..\1\1.csproj", "{1A9B312D-8BE1-4F5D-AC84-3944E5C4F5FC}"
EndProject
Global
	GlobalSection(SolutionConfigurationPlatforms) = preSolution
		Debug|Any CPU = Debug|Any CPU
		Release|Any CPU = Release|Any CPU
	EndGlobalSection
	GlobalSection(ProjectConfigurationPlatforms) = postSolution
		{6046FC33-B515-43A6-BB7F-5CE8BB612FD9}.Debug|Any CPU.ActiveCfg = Debug|Any CPU
		{6046FC33-B515-43A6-BB7F-5CE8BB612FD9}.Debug|Any CPU.Build.0 = Debug|Any CPU
		{6046FC33-B515-43A6-BB7F-5CE8BB612FD9}.Release|Any CPU.ActiveCfg = Release|Any CPU
		{6046FC33-B515-43A6-BB7F-5CE8BB612FD9}.Release|Any CPU.Build.0 = Release|Any CPU
		{1A9B312D-8BE1-4F5D-AC84-3944E5C4F5FC}.Debug|Any CPU.ActiveCfg = Debug|Any CPU
		{1A9B312D-8BE1-4F5D-AC84-3944E5C4F5FC}.Debug|Any CPU.Build.0 = Debug|Any CPU
		{1A9B312D-8BE1-4F5D-AC84-3944E5C4F5FC}.Release|Any CPU.ActiveCfg = Release|Any CPU
		{1A9B312D-8BE1-4F5D-AC84-3944E5C4F5FC}.Release|Any CPU.Build.0 = Release|Any CPU
	EndGlobalSection
	GlobalSection(SolutionProperties) = preSolution
		HideSolutionNode = FALSE
	EndGlobalSection
	GlobalSection(ExtensibilityGlobals) = postSolution
		SolutionGuid = {AB47EB7B-C74E-49C4-B7C0-7F6A7AE80B24}
	EndGlobalSection
EndGlobal
