
Microsoft Visual Studio Solution File, Format Version 12.00
# Visual Studio Version 17
VisualStudioVersion = 17.7.34024.191
MinimumVisualStudioVersion = 10.0.40219.1
Project("{FAE04EC0-301F-11D3-BF4B-00C04F79EFBC}") = "Классы 13.10", "Классы 13.10\Классы 13.10.csproj", "{513553BA-7A07-4575-8C31-C1BEE1BC4D33}"
EndProject
Global
	GlobalSection(SolutionConfigurationPlatforms) = preSolution
		Debug|Any CPU = Debug|Any CPU
		Release|Any CPU = Release|Any CPU
	EndGlobalSection
	GlobalSection(ProjectConfigurationPlatforms) = postSolution
		{513553BA-7A07-4575-8C31-C1BEE1BC4D33}.Debug|Any CPU.ActiveCfg = Debug|Any CPU
		{513553BA-7A07-4575-8C31-C1BEE1BC4D33}.Debug|Any CPU.Build.0 = Debug|Any CPU
		{513553BA-7A07-4575-8C31-C1BEE1BC4D33}.Release|Any CPU.ActiveCfg = Release|Any CPU
		{513553BA-7A07-4575-8C31-C1BEE1BC4D33}.Release|Any CPU.Build.0 = Release|Any CPU
	EndGlobalSection
	GlobalSection(SolutionProperties) = preSolution
		HideSolutionNode = FALSE
	EndGlobalSection
	GlobalSection(ExtensibilityGlobals) = postSolution
		SolutionGuid = {667494D4-F4B9-4A49-A8A4-3D86F7DAF75D}
	EndGlobalSection
EndGlobal
