
Microsoft Visual Studio Solution File, Format Version 12.00
# Visual Studio Version 17
VisualStudioVersion = 17.6.33815.320
MinimumVisualStudioVersion = 10.0.40219.1
Project("{FAE04EC0-301F-11D3-BF4B-00C04F79EFBC}") = "Tamagotchi", "TamagotchiProgram\Tamagotchi.csproj", "{BC50F3A8-6020-4282-9D27-4BB31178BD66}"
EndProject
Global
	GlobalSection(SolutionConfigurationPlatforms) = preSolution
		Debug|Any CPU = Debug|Any CPU
		Release|Any CPU = Release|Any CPU
	EndGlobalSection
	GlobalSection(ProjectConfigurationPlatforms) = postSolution
		{BC50F3A8-6020-4282-9D27-4BB31178BD66}.Debug|Any CPU.ActiveCfg = Debug|Any CPU
		{BC50F3A8-6020-4282-9D27-4BB31178BD66}.Debug|Any CPU.Build.0 = Debug|Any CPU
		{BC50F3A8-6020-4282-9D27-4BB31178BD66}.Release|Any CPU.ActiveCfg = Release|Any CPU
		{BC50F3A8-6020-4282-9D27-4BB31178BD66}.Release|Any CPU.Build.0 = Release|Any CPU
	EndGlobalSection
	GlobalSection(SolutionProperties) = preSolution
		HideSolutionNode = FALSE
	EndGlobalSection
	GlobalSection(ExtensibilityGlobals) = postSolution
		SolutionGuid = {D1A65A40-ECDF-43AC-890E-C92F59218332}
	EndGlobalSection
EndGlobal
