
Microsoft Visual Studio Solution File, Format Version 12.00
# Visual Studio Version 17
VisualStudioVersion = 17.8.34525.116
MinimumVisualStudioVersion = 10.0.40219.1
Project("{FAE04EC0-301F-11D3-BF4B-00C04F79EFBC}") = "SunMorningDesign_", "SunMorningDesign_.csproj", "{2903FE0D-B40C-4499-901B-676834C3EABD}"
EndProject
Global
	GlobalSection(SolutionConfigurationPlatforms) = preSolution
		Debug|Any CPU = Debug|Any CPU
		Release|Any CPU = Release|Any CPU
	EndGlobalSection
	GlobalSection(ProjectConfigurationPlatforms) = postSolution
		{2903FE0D-B40C-4499-901B-676834C3EABD}.Debug|Any CPU.ActiveCfg = Debug|Any CPU
		{2903FE0D-B40C-4499-901B-676834C3EABD}.Debug|Any CPU.Build.0 = Debug|Any CPU
		{2903FE0D-B40C-4499-901B-676834C3EABD}.Release|Any CPU.ActiveCfg = Release|Any CPU
		{2903FE0D-B40C-4499-901B-676834C3EABD}.Release|Any CPU.Build.0 = Release|Any CPU
	EndGlobalSection
	GlobalSection(SolutionProperties) = preSolution
		HideSolutionNode = FALSE
	EndGlobalSection
	GlobalSection(ExtensibilityGlobals) = postSolution
		SolutionGuid = {8274340C-3C99-46E2-811B-7494AAE3641C}
	EndGlobalSection
EndGlobal
