
Microsoft Visual Studio Solution File, Format Version 12.00
# Visual Studio Version 17
VisualStudioVersion = 17.6.33815.320
MinimumVisualStudioVersion = 10.0.40219.1
Project("{FAE04EC0-301F-11D3-BF4B-00C04F79EFBC}") = "CommandsApp", "CommandsApp\CommandsApp.csproj", "{F32FDCA4-2BA4-49C2-83FC-B18F78018F19}"
EndProject
Global
	GlobalSection(SolutionConfigurationPlatforms) = preSolution
		Debug|Any CPU = Debug|Any CPU
		Release|Any CPU = Release|Any CPU
	EndGlobalSection
	GlobalSection(ProjectConfigurationPlatforms) = postSolution
		{F32FDCA4-2BA4-49C2-83FC-B18F78018F19}.Debug|Any CPU.ActiveCfg = Debug|Any CPU
		{F32FDCA4-2BA4-49C2-83FC-B18F78018F19}.Debug|Any CPU.Build.0 = Debug|Any CPU
		{F32FDCA4-2BA4-49C2-83FC-B18F78018F19}.Release|Any CPU.ActiveCfg = Release|Any CPU
		{F32FDCA4-2BA4-49C2-83FC-B18F78018F19}.Release|Any CPU.Build.0 = Release|Any CPU
	EndGlobalSection
	GlobalSection(SolutionProperties) = preSolution
		HideSolutionNode = FALSE
	EndGlobalSection
	GlobalSection(ExtensibilityGlobals) = postSolution
		SolutionGuid = {CB262AC3-00F1-4353-B60D-854E917C09B7}
	EndGlobalSection
EndGlobal
