
Microsoft Visual Studio Solution File, Format Version 12.00
# Visual Studio Version 17
VisualStudioVersion = 17.6.33815.320
MinimumVisualStudioVersion = 10.0.40219.1
Project("{FAE04EC0-301F-11D3-BF4B-00C04F79EFBC}") = "BankExceptions", "BankExceptions\BankExceptions.csproj", "{ACE335EB-D7FE-44C5-B7AC-A930DB992551}"
EndProject
Global
	GlobalSection(SolutionConfigurationPlatforms) = preSolution
		Debug|Any CPU = Debug|Any CPU
		Release|Any CPU = Release|Any CPU
	EndGlobalSection
	GlobalSection(ProjectConfigurationPlatforms) = postSolution
		{ACE335EB-D7FE-44C5-B7AC-A930DB992551}.Debug|Any CPU.ActiveCfg = Debug|Any CPU
		{ACE335EB-D7FE-44C5-B7AC-A930DB992551}.Debug|Any CPU.Build.0 = Debug|Any CPU
		{ACE335EB-D7FE-44C5-B7AC-A930DB992551}.Release|Any CPU.ActiveCfg = Release|Any CPU
		{ACE335EB-D7FE-44C5-B7AC-A930DB992551}.Release|Any CPU.Build.0 = Release|Any CPU
	EndGlobalSection
	GlobalSection(SolutionProperties) = preSolution
		HideSolutionNode = FALSE
	EndGlobalSection
	GlobalSection(ExtensibilityGlobals) = postSolution
		SolutionGuid = {46918FF3-F15A-450D-AD00-65F63942C50A}
	EndGlobalSection
EndGlobal
