
Microsoft Visual Studio Solution File, Format Version 12.00
# Visual Studio Version 17
VisualStudioVersion = 17.14.37328.6 d17.14
MinimumVisualStudioVersion = 10.0.40219.1
Project("{FAE04EC0-301F-11D3-BF4B-00C04F79EFBC}") = "SpecificatioNuget", "SpecificatioNuget\SpecificatioNuget.csproj", "{0631F8B6-4404-4F46-87BD-3FC40C0B9D7C}"
EndProject
Global
	GlobalSection(SolutionConfigurationPlatforms) = preSolution
		Debug|Any CPU = Debug|Any CPU
		Release|Any CPU = Release|Any CPU
	EndGlobalSection
	GlobalSection(ProjectConfigurationPlatforms) = postSolution
		{0631F8B6-4404-4F46-87BD-3FC40C0B9D7C}.Debug|Any CPU.ActiveCfg = Debug|Any CPU
		{0631F8B6-4404-4F46-87BD-3FC40C0B9D7C}.Debug|Any CPU.Build.0 = Debug|Any CPU
		{0631F8B6-4404-4F46-87BD-3FC40C0B9D7C}.Release|Any CPU.ActiveCfg = Release|Any CPU
		{0631F8B6-4404-4F46-87BD-3FC40C0B9D7C}.Release|Any CPU.Build.0 = Release|Any CPU
	EndGlobalSection
	GlobalSection(SolutionProperties) = preSolution
		HideSolutionNode = FALSE
	EndGlobalSection
	GlobalSection(ExtensibilityGlobals) = postSolution
		SolutionGuid = {7A2C1480-2FA5-44A3-B8F3-55CDF11C88C3}
	EndGlobalSection
EndGlobal
