
Microsoft Visual Studio Solution File, Format Version 12.00
# Visual Studio Version 17
VisualStudioVersion = 17.11.35431.28
MinimumVisualStudioVersion = 10.0.40219.1
Project("{FAE04EC0-301F-11D3-BF4B-00C04F79EFBC}") = "Laboratory", "Laboratory\Laboratory.csproj", "{A573137C-94C4-4D61-B58A-C9805BA6CE42}"
EndProject
Global
	GlobalSection(SolutionConfigurationPlatforms) = preSolution
		Debug|Any CPU = Debug|Any CPU
		Release|Any CPU = Release|Any CPU
	EndGlobalSection
	GlobalSection(ProjectConfigurationPlatforms) = postSolution
		{A573137C-94C4-4D61-B58A-C9805BA6CE42}.Debug|Any CPU.ActiveCfg = Debug|Any CPU
		{A573137C-94C4-4D61-B58A-C9805BA6CE42}.Debug|Any CPU.Build.0 = Debug|Any CPU
		{A573137C-94C4-4D61-B58A-C9805BA6CE42}.Release|Any CPU.ActiveCfg = Release|Any CPU
		{A573137C-94C4-4D61-B58A-C9805BA6CE42}.Release|Any CPU.Build.0 = Release|Any CPU
	EndGlobalSection
	GlobalSection(SolutionProperties) = preSolution
		HideSolutionNode = FALSE
	EndGlobalSection
	GlobalSection(ExtensibilityGlobals) = postSolution
		SolutionGuid = {CBF995F5-8B65-4E53-B30E-31285F1E7D83}
	EndGlobalSection
EndGlobal
