
Microsoft Visual Studio Solution File, Format Version 12.00
# Visual Studio Version 17
VisualStudioVersion = 17.8.34525.116
MinimumVisualStudioVersion = 10.0.40219.1
Project("{FAE04EC0-301F-11D3-BF4B-00C04F79EFBC}") = "MusMorningProject", "MusMorningProject.csproj", "{DEC81DAC-2359-4E28-8FC3-5FA5288DCAC0}"
EndProject
Global
	GlobalSection(SolutionConfigurationPlatforms) = preSolution
		Debug|Any CPU = Debug|Any CPU
		Release|Any CPU = Release|Any CPU
	EndGlobalSection
	GlobalSection(ProjectConfigurationPlatforms) = postSolution
		{DEC81DAC-2359-4E28-8FC3-5FA5288DCAC0}.Debug|Any CPU.ActiveCfg = Debug|Any CPU
		{DEC81DAC-2359-4E28-8FC3-5FA5288DCAC0}.Debug|Any CPU.Build.0 = Debug|Any CPU
		{DEC81DAC-2359-4E28-8FC3-5FA5288DCAC0}.Release|Any CPU.ActiveCfg = Release|Any CPU
		{DEC81DAC-2359-4E28-8FC3-5FA5288DCAC0}.Release|Any CPU.Build.0 = Release|Any CPU
	EndGlobalSection
	GlobalSection(SolutionProperties) = preSolution
		HideSolutionNode = FALSE
	EndGlobalSection
	GlobalSection(ExtensibilityGlobals) = postSolution
		SolutionGuid = {E563F4E9-D395-470E-B2E1-255728A9B6C9}
	EndGlobalSection
EndGlobal
