
Microsoft Visual Studio Solution File, Format Version 12.00
# Visual Studio Version 17
VisualStudioVersion = 17.7.34024.191
MinimumVisualStudioVersion = 10.0.40219.1
Project("{FAE04EC0-301F-11D3-BF4B-00C04F79EFBC}") = "PanelPerson", "PanelPerson\PanelPerson.csproj", "{8DFF4FFD-D784-4188-8C3F-5C67423EFD9F}"
EndProject
Global
	GlobalSection(SolutionConfigurationPlatforms) = preSolution
		Debug|Any CPU = Debug|Any CPU
		Release|Any CPU = Release|Any CPU
	EndGlobalSection
	GlobalSection(ProjectConfigurationPlatforms) = postSolution
		{8DFF4FFD-D784-4188-8C3F-5C67423EFD9F}.Debug|Any CPU.ActiveCfg = Debug|Any CPU
		{8DFF4FFD-D784-4188-8C3F-5C67423EFD9F}.Debug|Any CPU.Build.0 = Debug|Any CPU
		{8DFF4FFD-D784-4188-8C3F-5C67423EFD9F}.Release|Any CPU.ActiveCfg = Release|Any CPU
		{8DFF4FFD-D784-4188-8C3F-5C67423EFD9F}.Release|Any CPU.Build.0 = Release|Any CPU
	EndGlobalSection
	GlobalSection(SolutionProperties) = preSolution
		HideSolutionNode = FALSE
	EndGlobalSection
	GlobalSection(ExtensibilityGlobals) = postSolution
		SolutionGuid = {4DF75AF5-71F2-4222-8A05-B72D3EF09AD9}
	EndGlobalSection
EndGlobal
