
Microsoft Visual Studio Solution File, Format Version 12.00
# Visual Studio Version 17
VisualStudioVersion = 17.4.33213.308
MinimumVisualStudioVersion = 10.0.40219.1
Project("{FAE04EC0-301F-11D3-BF4B-00C04F79EFBC}") = "WindowsFormsApp1", "WindowsFormsApp1\WindowsFormsApp1.csproj", "{4AF7FFA8-C1E9-4294-B130-D2BE8292139E}"
EndProject
Global
	GlobalSection(SolutionConfigurationPlatforms) = preSolution
		Debug|Any CPU = Debug|Any CPU
		Release|Any CPU = Release|Any CPU
	EndGlobalSection
	GlobalSection(ProjectConfigurationPlatforms) = postSolution
		{4AF7FFA8-C1E9-4294-B130-D2BE8292139E}.Debug|Any CPU.ActiveCfg = Debug|Any CPU
		{4AF7FFA8-C1E9-4294-B130-D2BE8292139E}.Debug|Any CPU.Build.0 = Debug|Any CPU
		{4AF7FFA8-C1E9-4294-B130-D2BE8292139E}.Release|Any CPU.ActiveCfg = Release|Any CPU
		{4AF7FFA8-C1E9-4294-B130-D2BE8292139E}.Release|Any CPU.Build.0 = Release|Any CPU
	EndGlobalSection
	GlobalSection(SolutionProperties) = preSolution
		HideSolutionNode = FALSE
	EndGlobalSection
	GlobalSection(ExtensibilityGlobals) = postSolution
		SolutionGuid = {E06636F1-3C24-407B-A0F0-31BB048BBF22}
	EndGlobalSection
EndGlobal
