
Microsoft Visual Studio Solution File, Format Version 10.00
# Visual C# Express 2008
Project("{FAE04EC0-301F-11D3-BF4B-00C04F79EFBC}") = "ImageViewer_2", "ImageViewer_2\ImageViewer_2.csproj", "{DD251C60-8D6F-47CC-8483-BF0EADCC38AF}"
EndProject
Global
	GlobalSection(SolutionConfigurationPlatforms) = preSolution
		Debug|Any CPU = Debug|Any CPU
		Release|Any CPU = Release|Any CPU
	EndGlobalSection
	GlobalSection(ProjectConfigurationPlatforms) = postSolution
		{DD251C60-8D6F-47CC-8483-BF0EADCC38AF}.Debug|Any CPU.ActiveCfg = Debug|Any CPU
		{DD251C60-8D6F-47CC-8483-BF0EADCC38AF}.Debug|Any CPU.Build.0 = Debug|Any CPU
		{DD251C60-8D6F-47CC-8483-BF0EADCC38AF}.Release|Any CPU.ActiveCfg = Release|Any CPU
		{DD251C60-8D6F-47CC-8483-BF0EADCC38AF}.Release|Any CPU.Build.0 = Release|Any CPU
	EndGlobalSection
	GlobalSection(SolutionProperties) = preSolution
		HideSolutionNode = FALSE
	EndGlobalSection
EndGlobal
